
Microsoft Visual Studio Solution File, Format Version 12.00
# Visual Studio Express 2012 for Windows Desktop
Project("{FAE04EC0-301F-11D3-BF4B-00C04F79EFBC}") = "CsharpProjectThree", "CsharpProjectThree\CsharpProjectThree.csproj", "{2CEEC90C-2C75-4932-958F-C2766C0C39DD}"
EndProject
Global
	GlobalSection(SolutionConfigurationPlatforms) = preSolution
		Debug|Any CPU = Debug|Any CPU
		Release|Any CPU = Release|Any CPU
	EndGlobalSection
	GlobalSection(ProjectConfigurationPlatforms) = postSolution
		{2CEEC90C-2C75-4932-958F-C2766C0C39DD}.Debug|Any CPU.ActiveCfg = Debug|Any CPU
		{2CEEC90C-2C75-4932-958F-C2766C0C39DD}.Debug|Any CPU.Build.0 = Debug|Any CPU
		{2CEEC90C-2C75-4932-958F-C2766C0C39DD}.Release|Any CPU.ActiveCfg = Release|Any CPU
		{2CEEC90C-2C75-4932-958F-C2766C0C39DD}.Release|Any CPU.Build.0 = Release|Any CPU
	EndGlobalSection
	GlobalSection(SolutionProperties) = preSolution
		HideSolutionNode = FALSE
	EndGlobalSection
EndGlobal
